// !$*UTF8*$!
{
	archiveVersion = 1;
	classes = {
	};
	objectVersion = 55;
	objects = {

/* Begin PBXBuildFile section */
		1A6BBEBC2705FB9E006E357F /* FilterList.swift in Sources */ = {isa = PBXBuildFile; fileRef = 1A6BBEBB2705FB9E006E357F /* FilterList.swift */; };
		1A6BBEBE2705FD43006E357F /* CharacterDetail.swift in Sources */ = {isa = PBXBuildFile; fileRef = 1A6BBEBD2705FD43006E357F /* CharacterDetail.swift */; };
		1A8029572705A9BC0078B794 /* BreakingBadCharactersApp.swift in Sources */ = {isa = PBXBuildFile; fileRef = 1A8029562705A9BC0078B794 /* BreakingBadCharactersApp.swift */; };
		1A8029592705A9BC0078B794 /* ContentView.swift in Sources */ = {isa = PBXBuildFile; fileRef = 1A8029582705A9BC0078B794 /* ContentView.swift */; };
		1A80295B2705A9BD0078B794 /* Assets.xcassets in Resources */ = {isa = PBXBuildFile; fileRef = 1A80295A2705A9BD0078B794 /* Assets.xcassets */; };
		1A80295E2705A9BD0078B794 /* Preview Assets.xcassets in Resources */ = {isa = PBXBuildFile; fileRef = 1A80295D2705A9BD0078B794 /* Preview Assets.xcassets */; };
		1A8029682705A9BD0078B794 /* BreakingBadCharactersTests.swift in Sources */ = {isa = PBXBuildFile; fileRef = 1A8029672705A9BD0078B794 /* BreakingBadCharactersTests.swift */; };
		1A8029722705A9BD0078B794 /* BreakingBadCharactersUITests.swift in Sources */ = {isa = PBXBuildFile; fileRef = 1A8029712705A9BD0078B794 /* BreakingBadCharactersUITests.swift */; };
		1A8029742705A9BD0078B794 /* BreakingBadCharactersUITestsLaunchTests.swift in Sources */ = {isa = PBXBuildFile; fileRef = 1A8029732705A9BD0078B794 /* BreakingBadCharactersUITestsLaunchTests.swift */; };
		1A8029822705AA130078B794 /* Alamofire in Frameworks */ = {isa = PBXBuildFile; productRef = 1A8029812705AA130078B794 /* Alamofire */; };
		1A8029852705AA440078B794 /* SwiftyJSON in Frameworks */ = {isa = PBXBuildFile; productRef = 1A8029842705AA440078B794 /* SwiftyJSON */; };
		1A8029882705ACFE0078B794 /* BreakingBadApi.swift in Sources */ = {isa = PBXBuildFile; fileRef = 1A8029872705ACFE0078B794 /* BreakingBadApi.swift */; };
		1A80298B2705B45B0078B794 /* Character.swift in Sources */ = {isa = PBXBuildFile; fileRef = 1A80298A2705B45B0078B794 /* Character.swift */; };
		1A80299E2705F2280078B794 /* CharacterRow.swift in Sources */ = {isa = PBXBuildFile; fileRef = 1A80299D2705F2280078B794 /* CharacterRow.swift */; };
		1A8029A12705F31C0078B794 /* SDWebImageSwiftUI in Frameworks */ = {isa = PBXBuildFile; productRef = 1A8029A02705F31C0078B794 /* SDWebImageSwiftUI */; };
/* End PBXBuildFile section */

/* Begin PBXContainerItemProxy section */
		1A8029642705A9BD0078B794 /* PBXContainerItemProxy */ = {
			isa = PBXContainerItemProxy;
			containerPortal = 1A80294B2705A9BC0078B794 /* Project object */;
			proxyType = 1;
			remoteGlobalIDString = 1A8029522705A9BC0078B794;
			remoteInfo = BreakingBadCharacters;
		};
		1A80296E2705A9BD0078B794 /* PBXContainerItemProxy */ = {
			isa = PBXContainerItemProxy;
			containerPortal = 1A80294B2705A9BC0078B794 /* Project object */;
			proxyType = 1;
			remoteGlobalIDString = 1A8029522705A9BC0078B794;
			remoteInfo = BreakingBadCharacters;
		};
/* End PBXContainerItemProxy section */

/* Begin PBXFileReference section */
		1A6BBEBB2705FB9E006E357F /* FilterList.swift */ = {isa = PBXFileReference; fileEncoding = 4; lastKnownFileType = sourcecode.swift; path = FilterList.swift; sourceTree = "<group>"; };
		1A6BBEBD2705FD43006E357F /* CharacterDetail.swift */ = {isa = PBXFileReference; lastKnownFileType = sourcecode.swift; path = CharacterDetail.swift; sourceTree = "<group>"; };
		1A8029532705A9BC0078B794 /* BreakingBadCharacters.app */ = {isa = PBXFileReference; explicitFileType = wrapper.application; includeInIndex = 0; path = BreakingBadCharacters.app; sourceTree = BUILT_PRODUCTS_DIR; };
		1A8029562705A9BC0078B794 /* BreakingBadCharactersApp.swift */ = {isa = PBXFileReference; lastKnownFileType = sourcecode.swift; path = BreakingBadCharactersApp.swift; sourceTree = "<group>"; };
		1A8029582705A9BC0078B794 /* ContentView.swift */ = {isa = PBXFileReference; lastKnownFileType = sourcecode.swift; path = ContentView.swift; sourceTree = "<group>"; };
		1A80295A2705A9BD0078B794 /* Assets.xcassets */ = {isa = PBXFileReference; lastKnownFileType = folder.assetcatalog; path = Assets.xcassets; sourceTree = "<group>"; };
		1A80295D2705A9BD0078B794 /* Preview Assets.xcassets */ = {isa = PBXFileReference; lastKnownFileType = folder.assetcatalog; path = "Preview Assets.xcassets"; sourceTree = "<group>"; };
		1A8029632705A9BD0078B794 /* BreakingBadCharactersTests.xctest */ = {isa = PBXFileReference; explicitFileType = wrapper.cfbundle; includeInIndex = 0; path = BreakingBadCharactersTests.xctest; sourceTree = BUILT_PRODUCTS_DIR; };
		1A8029672705A9BD0078B794 /* BreakingBadCharactersTests.swift */ = {isa = PBXFileReference; lastKnownFileType = sourcecode.swift; path = BreakingBadCharactersTests.swift; sourceTree = "<group>"; };
		1A80296D2705A9BD0078B794 /* BreakingBadCharactersUITests.xctest */ = {isa = PBXFileReference; explicitFileType = wrapper.cfbundle; includeInIndex = 0; path = BreakingBadCharactersUITests.xctest; sourceTree = BUILT_PRODUCTS_DIR; };
		1A8029712705A9BD0078B794 /* BreakingBadCharactersUITests.swift */ = {isa = PBXFileReference; lastKnownFileType = sourcecode.swift; path = BreakingBadCharactersUITests.swift; sourceTree = "<group>"; };
		1A8029732705A9BD0078B794 /* BreakingBadCharactersUITestsLaunchTests.swift */ = {isa = PBXFileReference; lastKnownFileType = sourcecode.swift; path = BreakingBadCharactersUITestsLaunchTests.swift; sourceTree = "<group>"; };
		1A8029872705ACFE0078B794 /* BreakingBadApi.swift */ = {isa = PBXFileReference; fileEncoding = 4; lastKnownFileType = sourcecode.swift; path = BreakingBadApi.swift; sourceTree = "<group>"; };
		1A80298A2705B45B0078B794 /* Character.swift */ = {isa = PBXFileReference; lastKnownFileType = sourcecode.swift; path = Character.swift; sourceTree = "<group>"; };
		1A80299D2705F2280078B794 /* CharacterRow.swift */ = {isa = PBXFileReference; fileEncoding = 4; lastKnownFileType = sourcecode.swift; path = CharacterRow.swift; sourceTree = "<group>"; };
/* End PBXFileReference section */

/* Begin PBXFrameworksBuildPhase section */
		1A8029502705A9BC0078B794 /* Frameworks */ = {
			isa = PBXFrameworksBuildPhase;
			buildActionMask = 2147483647;
			files = (
				1A8029A12705F31C0078B794 /* SDWebImageSwiftUI in Frameworks */,
				1A8029852705AA440078B794 /* SwiftyJSON in Frameworks */,
				1A8029822705AA130078B794 /* Alamofire in Frameworks */,
			);
			runOnlyForDeploymentPostprocessing = 0;
		};
		1A8029602705A9BD0078B794 /* Frameworks */ = {
			isa = PBXFrameworksBuildPhase;
			buildActionMask = 2147483647;
			files = (
			);
			runOnlyForDeploymentPostprocessing = 0;
		};
		1A80296A2705A9BD0078B794 /* Frameworks */ = {
			isa = PBXFrameworksBuildPhase;
			buildActionMask = 2147483647;
			files = (
			);
			runOnlyForDeploymentPostprocessing = 0;
		};
/* End PBXFrameworksBuildPhase section */

/* Begin PBXGroup section */
		1A80294A2705A9BC0078B794 = {
			isa = PBXGroup;
			children = (
				1A80298C2705C36B0078B794 /* View */,
				1A8029892705B4460078B794 /* Model */,
				1A8029862705ACC00078B794 /* Service */,
				1A8029552705A9BC0078B794 /* BreakingBadCharacters */,
				1A8029662705A9BD0078B794 /* BreakingBadCharactersTests */,
				1A8029702705A9BD0078B794 /* BreakingBadCharactersUITests */,
				1A8029542705A9BC0078B794 /* Products */,
			);
			sourceTree = "<group>";
		};
		1A8029542705A9BC0078B794 /* Products */ = {
			isa = PBXGroup;
			children = (
				1A8029532705A9BC0078B794 /* BreakingBadCharacters.app */,
				1A8029632705A9BD0078B794 /* BreakingBadCharactersTests.xctest */,
				1A80296D2705A9BD0078B794 /* BreakingBadCharactersUITests.xctest */,
			);
			name = Products;
			sourceTree = "<group>";
		};
		1A8029552705A9BC0078B794 /* BreakingBadCharacters */ = {
			isa = PBXGroup;
			children = (
				1A8029562705A9BC0078B794 /* BreakingBadCharactersApp.swift */,
				1A80295A2705A9BD0078B794 /* Assets.xcassets */,
				1A80295C2705A9BD0078B794 /* Preview Content */,
			);
			path = BreakingBadCharacters;
			sourceTree = "<group>";
		};
		1A80295C2705A9BD0078B794 /* Preview Content */ = {
			isa = PBXGroup;
			children = (
				1A80295D2705A9BD0078B794 /* Preview Assets.xcassets */,
			);
			path = "Preview Content";
			sourceTree = "<group>";
		};
		1A8029662705A9BD0078B794 /* BreakingBadCharactersTests */ = {
			isa = PBXGroup;
			children = (
				1A8029672705A9BD0078B794 /* BreakingBadCharactersTests.swift */,
			);
			path = BreakingBadCharactersTests;
			sourceTree = "<group>";
		};
		1A8029702705A9BD0078B794 /* BreakingBadCharactersUITests */ = {
			isa = PBXGroup;
			children = (
				1A8029712705A9BD0078B794 /* BreakingBadCharactersUITests.swift */,
				1A8029732705A9BD0078B794 /* BreakingBadCharactersUITestsLaunchTests.swift */,
			);
			path = BreakingBadCharactersUITests;
			sourceTree = "<group>";
		};
		1A8029862705ACC00078B794 /* Service */ = {
			isa = PBXGroup;
			children = (
				1A8029872705ACFE0078B794 /* BreakingBadApi.swift */,
			);
			path = Service;
			sourceTree = "<group>";
		};
		1A8029892705B4460078B794 /* Model */ = {
			isa = PBXGroup;
			children = (
				1A80298A2705B45B0078B794 /* Character.swift */,
			);
			path = Model;
			sourceTree = "<group>";
		};
		1A80298C2705C36B0078B794 /* View */ = {
			isa = PBXGroup;
			children = (
				1A6BBEBB2705FB9E006E357F /* FilterList.swift */,
				1A8029582705A9BC0078B794 /* ContentView.swift */,
				1A80299D2705F2280078B794 /* CharacterRow.swift */,
				1A6BBEBD2705FD43006E357F /* CharacterDetail.swift */,
			);
			path = View;
			sourceTree = "<group>";
		};
/* End PBXGroup section */

/* Begin PBXNativeTarget section */
		1A8029522705A9BC0078B794 /* BreakingBadCharacters */ = {
			isa = PBXNativeTarget;
			buildConfigurationList = 1A8029772705A9BD0078B794 /* Build configuration list for PBXNativeTarget "BreakingBadCharacters" */;
			buildPhases = (
				1A80294F2705A9BC0078B794 /* Sources */,
				1A8029502705A9BC0078B794 /* Frameworks */,
				1A8029512705A9BC0078B794 /* Resources */,
			);
			buildRules = (
			);
			dependencies = (
			);
			name = BreakingBadCharacters;
			packageProductDependencies = (
				1A8029812705AA130078B794 /* Alamofire */,
				1A8029842705AA440078B794 /* SwiftyJSON */,
				1A8029A02705F31C0078B794 /* SDWebImageSwiftUI */,
			);
			productName = BreakingBadCharacters;
			productReference = 1A8029532705A9BC0078B794 /* BreakingBadCharacters.app */;
			productType = "com.apple.product-type.application";
		};
		1A8029622705A9BD0078B794 /* BreakingBadCharactersTests */ = {
			isa = PBXNativeTarget;
			buildConfigurationList = 1A80297A2705A9BD0078B794 /* Build configuration list for PBXNativeTarget "BreakingBadCharactersTests" */;
			buildPhases = (
				1A80295F2705A9BD0078B794 /* Sources */,
				1A8029602705A9BD0078B794 /* Frameworks */,
				1A8029612705A9BD0078B794 /* Resources */,
			);
			buildRules = (
			);
			dependencies = (
				1A8029652705A9BD0078B794 /* PBXTargetDependency */,
			);
			name = BreakingBadCharactersTests;
			productName = BreakingBadCharactersTests;
			productReference = 1A8029632705A9BD0078B794 /* BreakingBadCharactersTests.xctest */;
			productType = "com.apple.product-type.bundle.unit-test";
		};
		1A80296C2705A9BD0078B794 /* BreakingBadCharactersUITests */ = {
			isa = PBXNativeTarget;
			buildConfigurationList = 1A80297D2705A9BD0078B794 /* Build configuration list for PBXNativeTarget "BreakingBadCharactersUITests" */;
			buildPhases = (
				1A8029692705A9BD0078B794 /* Sources */,
				1A80296A2705A9BD0078B794 /* Frameworks */,
				1A80296B2705A9BD0078B794 /* Resources */,
			);
			buildRules = (
			);
			dependencies = (
				1A80296F2705A9BD0078B794 /* PBXTargetDependency */,
			);
			name = BreakingBadCharactersUITests;
			productName = BreakingBadCharactersUITests;
			productReference = 1A80296D2705A9BD0078B794 /* BreakingBadCharactersUITests.xctest */;
			productType = "com.apple.product-type.bundle.ui-testing";
		};
/* End PBXNativeTarget section */

/* Begin PBXProject section */
		1A80294B2705A9BC0078B794 /* Project object */ = {
			isa = PBXProject;
			attributes = {
				BuildIndependentTargetsInParallel = 1;
				LastSwiftUpdateCheck = 1300;
				LastUpgradeCheck = 1300;
				TargetAttributes = {
					1A8029522705A9BC0078B794 = {
						CreatedOnToolsVersion = 13.0;
					};
					1A8029622705A9BD0078B794 = {
						CreatedOnToolsVersion = 13.0;
						TestTargetID = 1A8029522705A9BC0078B794;
					};
					1A80296C2705A9BD0078B794 = {
						CreatedOnToolsVersion = 13.0;
						TestTargetID = 1A8029522705A9BC0078B794;
					};
				};
			};
			buildConfigurationList = 1A80294E2705A9BC0078B794 /* Build configuration list for PBXProject "BreakingBadCharacters" */;
			compatibilityVersion = "Xcode 13.0";
			developmentRegion = en;
			hasScannedForEncodings = 0;
			knownRegions = (
				en,
				Base,
			);
			mainGroup = 1A80294A2705A9BC0078B794;
			packageReferences = (
				1A8029802705AA130078B794 /* XCRemoteSwiftPackageReference "Alamofire" */,
				1A8029832705AA440078B794 /* XCRemoteSwiftPackageReference "SwiftyJSON" */,
				1A80299F2705F31C0078B794 /* XCRemoteSwiftPackageReference "SDWebImageSwiftUI" */,
			);
			productRefGroup = 1A8029542705A9BC0078B794 /* Products */;
			projectDirPath = "";
			projectRoot = "";
			targets = (
				1A8029522705A9BC0078B794 /* BreakingBadCharacters */,
				1A8029622705A9BD0078B794 /* BreakingBadCharactersTests */,
				1A80296C2705A9BD0078B794 /* BreakingBadCharactersUITests */,
			);
		};
/* End PBXProject section */

/* Begin PBXResourcesBuildPhase section */
		1A8029512705A9BC0078B794 /* Resources */ = {
			isa = PBXResourcesBuildPhase;
			buildActionMask = 2147483647;
			files = (
				1A80295E2705A9BD0078B794 /* Preview Assets.xcassets in Resources */,
				1A80295B2705A9BD0078B794 /* Assets.xcassets in Resources */,
			);
			runOnlyForDeploymentPostprocessing = 0;
		};
		1A8029612705A9BD0078B794 /* Resources */ = {
			isa = PBXResourcesBuildPhase;
			buildActionMask = 2147483647;
			files = (
			);
			runOnlyForDeploymentPostprocessing = 0;
		};
		1A80296B2705A9BD0078B794 /* Resources */ = {
			isa = PBXResourcesBuildPhase;
			buildActionMask = 2147483647;
			files = (
			);
			runOnlyForDeploymentPostprocessing = 0;
		};
/* End PBXResourcesBuildPhase section */

/* Begin PBXSourcesBuildPhase section */
		1A80294F2705A9BC0078B794 /* Sources */ = {
			isa = PBXSourcesBuildPhase;
			buildActionMask = 2147483647;
			files = (
				1A8029882705ACFE0078B794 /* BreakingBadApi.swift in Sources */,
				1A8029592705A9BC0078B794 /* ContentView.swift in Sources */,
				1A6BBEBE2705FD43006E357F /* CharacterDetail.swift in Sources */,
				1A6BBEBC2705FB9E006E357F /* FilterList.swift in Sources */,
				1A8029572705A9BC0078B794 /* BreakingBadCharactersApp.swift in Sources */,
				1A80299E2705F2280078B794 /* CharacterRow.swift in Sources */,
				1A80298B2705B45B0078B794 /* Character.swift in Sources */,
			);
			runOnlyForDeploymentPostprocessing = 0;
		};
		1A80295F2705A9BD0078B794 /* Sources */ = {
			isa = PBXSourcesBuildPhase;
			buildActionMask = 2147483647;
			files = (
				1A8029682705A9BD0078B794 /* BreakingBadCharactersTests.swift in Sources */,
			);
			runOnlyForDeploymentPostprocessing = 0;
		};
		1A8029692705A9BD0078B794 /* Sources */ = {
			isa = PBXSourcesBuildPhase;
			buildActionMask = 2147483647;
			files = (
				1A8029722705A9BD0078B794 /* BreakingBadCharactersUITests.swift in Sources */,
				1A8029742705A9BD0078B794 /* BreakingBadCharactersUITestsLaunchTests.swift in Sources */,
			);
			runOnlyForDeploymentPostprocessing = 0;
		};
/* End PBXSourcesBuildPhase section */

/* Begin PBXTargetDependency section */
		1A8029652705A9BD0078B794 /* PBXTargetDependency */ = {
			isa = PBXTargetDependency;
			target = 1A8029522705A9BC0078B794 /* BreakingBadCharacters */;
			targetProxy = 1A8029642705A9BD0078B794 /* PBXContainerItemProxy */;
		};
		1A80296F2705A9BD0078B794 /* PBXTargetDependency */ = {
			isa = PBXTargetDependency;
			target = 1A8029522705A9BC0078B794 /* BreakingBadCharacters */;
			targetProxy = 1A80296E2705A9BD0078B794 /* PBXContainerItemProxy */;
		};
/* End PBXTargetDependency section */

/* Begin XCBuildConfiguration section */
		1A8029752705A9BD0078B794 /* Debug */ = {
			isa = XCBuildConfiguration;
			buildSettings = {
				ALWAYS_SEARCH_USER_PATHS = NO;
				CLANG_ANALYZER_NONNULL = YES;
				CLANG_ANALYZER_NUMBER_OBJECT_CONVERSION = YES_AGGRESSIVE;
				CLANG_CXX_LANGUAGE_STANDARD = "gnu++17";
				CLANG_CXX_LIBRARY = "libc++";
				CLANG_ENABLE_MODULES = YES;
				CLANG_ENABLE_OBJC_ARC = YES;
				CLANG_ENABLE_OBJC_WEAK = YES;
				CLANG_WARN_BLOCK_CAPTURE_AUTORELEASING = YES;
				CLANG_WARN_BOOL_CONVERSION = YES;
				CLANG_WARN_COMMA = YES;
				CLANG_WARN_CONSTANT_CONVERSION = YES;
				CLANG_WARN_DEPRECATED_OBJC_IMPLEMENTATIONS = YES;
				CLANG_WARN_DIRECT_OBJC_ISA_USAGE = YES_ERROR;
				CLANG_WARN_DOCUMENTATION_COMMENTS = YES;
				CLANG_WARN_EMPTY_BODY = YES;
				CLANG_WARN_ENUM_CONVERSION = YES;
				CLANG_WARN_INFINITE_RECURSION = YES;
				CLANG_WARN_INT_CONVERSION = YES;
				CLANG_WARN_NON_LITERAL_NULL_CONVERSION = YES;
				CLANG_WARN_OBJC_IMPLICIT_RETAIN_SELF = YES;
				CLANG_WARN_OBJC_LITERAL_CONVERSION = YES;
				CLANG_WARN_OBJC_ROOT_CLASS = YES_ERROR;
				CLANG_WARN_QUOTED_INCLUDE_IN_FRAMEWORK_HEADER = YES;
				CLANG_WARN_RANGE_LOOP_ANALYSIS = YES;
				CLANG_WARN_STRICT_PROTOTYPES = YES;
				CLANG_WARN_SUSPICIOUS_MOVE = YES;
				CLANG_WARN_UNGUARDED_AVAILABILITY = YES_AGGRESSIVE;
				CLANG_WARN_UNREACHABLE_CODE = YES;
				CLANG_WARN__DUPLICATE_METHOD_MATCH = YES;
				COPY_PHASE_STRIP = NO;
				DEBUG_INFORMATION_FORMAT = dwarf;
				ENABLE_STRICT_OBJC_MSGSEND = YES;
				ENABLE_TESTABILITY = YES;
				GCC_C_LANGUAGE_STANDARD = gnu11;
				GCC_DYNAMIC_NO_PIC = NO;
				GCC_NO_COMMON_BLOCKS = YES;
				GCC_OPTIMIZATION_LEVEL = 0;
				GCC_PREPROCESSOR_DEFINITIONS = (
					"DEBUG=1",
					"$(inherited)",
				);
				GCC_WARN_64_TO_32_BIT_CONVERSION = YES;
				GCC_WARN_ABOUT_RETURN_TYPE = YES_ERROR;
				GCC_WARN_UNDECLARED_SELECTOR = YES;
				GCC_WARN_UNINITIALIZED_AUTOS = YES_AGGRESSIVE;
				GCC_WARN_UNUSED_FUNCTION = YES;
				GCC_WARN_UNUSED_VARIABLE = YES;
				IPHONEOS_DEPLOYMENT_TARGET = 15.0;
				MTL_ENABLE_DEBUG_INFO = INCLUDE_SOURCE;
				MTL_FAST_MATH = YES;
				ONLY_ACTIVE_ARCH = YES;
				SDKROOT = iphoneos;
				SWIFT_ACTIVE_COMPILATION_CONDITIONS = DEBUG;
				SWIFT_OPTIMIZATION_LEVEL = "-Onone";
			};
			name = Debug;
		};
		1A8029762705A9BD0078B794 /* Release */ = {
			isa = XCBuildConfiguration;
			buildSettings = {
				ALWAYS_SEARCH_USER_PATHS = NO;
				CLANG_ANALYZER_NONNULL = YES;
				CLANG_ANALYZER_NUMBER_OBJECT_CONVERSION = YES_AGGRESSIVE;
				CLANG_CXX_LANGUAGE_STANDARD = "gnu++17";
				CLANG_CXX_LIBRARY = "libc++";
				CLANG_ENABLE_MODULES = YES;
				CLANG_ENABLE_OBJC_ARC = YES;
				CLANG_ENABLE_OBJC_WEAK = YES;
				CLANG_WARN_BLOCK_CAPTURE_AUTORELEASING = YES;
				CLANG_WARN_BOOL_CONVERSION = YES;
				CLANG_WARN_COMMA = YES;
				CLANG_WARN_CONSTANT_CONVERSION = YES;
				CLANG_WARN_DEPRECATED_OBJC_IMPLEMENTATIONS = YES;
				CLANG_WARN_DIRECT_OBJC_ISA_USAGE = YES_ERROR;
				CLANG_WARN_DOCUMENTATION_COMMENTS = YES;
				CLANG_WARN_EMPTY_BODY = YES;
				CLANG_WARN_ENUM_CONVERSION = YES;
				CLANG_WARN_INFINITE_RECURSION = YES;
				CLANG_WARN_INT_CONVERSION = YES;
				CLANG_WARN_NON_LITERAL_NULL_CONVERSION = YES;
				CLANG_WARN_OBJC_IMPLICIT_RETAIN_SELF = YES;
				CLANG_WARN_OBJC_LITERAL_CONVERSION = YES;
				CLANG_WARN_OBJC_ROOT_CLASS = YES_ERROR;
				CLANG_WARN_QUOTED_INCLUDE_IN_FRAMEWORK_HEADER = YES;
				CLANG_WARN_RANGE_LOOP_ANALYSIS = YES;
				CLANG_WARN_STRICT_PROTOTYPES = YES;
				CLANG_WARN_SUSPICIOUS_MOVE = YES;
				CLANG_WARN_UNGUARDED_AVAILABILITY = YES_AGGRESSIVE;
				CLANG_WARN_UNREACHABLE_CODE = YES;
				CLANG_WARN__DUPLICATE_METHOD_MATCH = YES;
				COPY_PHASE_STRIP = NO;
				DEBUG_INFORMATION_FORMAT = "dwarf-with-dsym";
				ENABLE_NS_ASSERTIONS = NO;
				ENABLE_STRICT_OBJC_MSGSEND = YES;
				GCC_C_LANGUAGE_STANDARD = gnu11;
				GCC_NO_COMMON_BLOCKS = YES;
				GCC_WARN_64_TO_32_BIT_CONVERSION = YES;
				GCC_WARN_ABOUT_RETURN_TYPE = YES_ERROR;
				GCC_WARN_UNDECLARED_SELECTOR = YES;
				GCC_WARN_UNINITIALIZED_AUTOS = YES_AGGRESSIVE;
				GCC_WARN_UNUSED_FUNCTION = YES;
				GCC_WARN_UNUSED_VARIABLE = YES;
				IPHONEOS_DEPLOYMENT_TARGET = 15.0;
				MTL_ENABLE_DEBUG_INFO = NO;
				MTL_FAST_MATH = YES;
				SDKROOT = iphoneos;
				SWIFT_COMPILATION_MODE = wholemodule;
				SWIFT_OPTIMIZATION_LEVEL = "-O";
				VALIDATE_PRODUCT = YES;
			};
			name = Release;
		};
		1A8029782705A9BD0078B794 /* Debug */ = {
			isa = XCBuildConfiguration;
			buildSettings = {
				ASSETCATALOG_COMPILER_APPICON_NAME = AppIcon;
				ASSETCATALOG_COMPILER_GLOBAL_ACCENT_COLOR_NAME = AccentColor;
				CODE_SIGN_STYLE = Automatic;
				CURRENT_PROJECT_VERSION = 1;
				DEVELOPMENT_ASSET_PATHS = "\"BreakingBadCharacters/Preview Content\"";
				DEVELOPMENT_TEAM = T4JJ98Y5GD;
				ENABLE_PREVIEWS = YES;
				GENERATE_INFOPLIST_FILE = YES;
				INFOPLIST_KEY_UIApplicationSceneManifest_Generation = YES;
				INFOPLIST_KEY_UIApplicationSupportsIndirectInputEvents = YES;
				INFOPLIST_KEY_UILaunchScreen_Generation = YES;
				INFOPLIST_KEY_UISupportedInterfaceOrientations_iPad = "UIInterfaceOrientationPortrait UIInterfaceOrientationPortraitUpsideDown UIInterfaceOrientationLandscapeLeft UIInterfaceOrientationLandscapeRight";
				INFOPLIST_KEY_UISupportedInterfaceOrientations_iPhone = "UIInterfaceOrientationPortrait UIInterfaceOrientationLandscapeLeft UIInterfaceOrientationLandscapeRight";
				IPHONEOS_DEPLOYMENT_TARGET = 14.0;
				LD_RUNPATH_SEARCH_PATHS = (
					"$(inherited)",
					"@executable_path/Frameworks",
				);
				MARKETING_VERSION = 1.0;
				PRODUCT_BUNDLE_IDENTIFIER = dd.ff.BreakingBadCharacters;
				PRODUCT_NAME = "$(TARGET_NAME)";
				SWIFT_EMIT_LOC_STRINGS = YES;
				SWIFT_VERSION = 5.0;
				TARGETED_DEVICE_FAMILY = "1,2";
			};
			name = Debug;
		};
		1A8029792705A9BD0078B794 /* Release */ = {
			isa = XCBuildConfiguration;
			buildSettings = {
				ASSETCATALOG_COMPILER_APPICON_NAME = AppIcon;
				ASSETCATALOG_COMPILER_GLOBAL_ACCENT_COLOR_NAME = AccentColor;
				CODE_SIGN_STYLE = Automatic;
				CURRENT_PROJECT_VERSION = 1;
				DEVELOPMENT_ASSET_PATHS = "\"BreakingBadCharacters/Preview Content\"";
				DEVELOPMENT_TEAM = T4JJ98Y5GD;
				ENABLE_PREVIEWS = YES;
				GENERATE_INFOPLIST_FILE = YES;
				INFOPLIST_KEY_UIApplicationSceneManifest_Generation = YES;
				INFOPLIST_KEY_UIApplicationSupportsIndirectInputEvents = YES;
				INFOPLIST_KEY_UILaunchScreen_Generation = YES;
				INFOPLIST_KEY_UISupportedInterfaceOrientations_iPad = "UIInterfaceOrientationPortrait UIInterfaceOrientationPortraitUpsideDown UIInterfaceOrientationLandscapeLeft UIInterfaceOrientationLandscapeRight";
				INFOPLIST_KEY_UISupportedInterfaceOrientations_iPhone = "UIInterfaceOrientationPortrait UIInterfaceOrientationLandscapeLeft UIInterfaceOrientationLandscapeRight";
				IPHONEOS_DEPLOYMENT_TARGET = 14.0;
				LD_RUNPATH_SEARCH_PATHS = (
					"$(inherited)",
					"@executable_path/Frameworks",
				);
				MARKETING_VERSION = 1.0;
				PRODUCT_BUNDLE_IDENTIFIER = dd.ff.BreakingBadCharacters;
				PRODUCT_NAME = "$(TARGET_NAME)";
				SWIFT_EMIT_LOC_STRINGS = YES;
				SWIFT_VERSION = 5.0;
				TARGETED_DEVICE_FAMILY = "1,2";
			};
			name = Release;
		};
		1A80297B2705A9BD0078B794 /* Debug */ = {
			isa = XCBuildConfiguration;
			buildSettings = {
				ALWAYS_EMBED_SWIFT_STANDARD_LIBRARIES = YES;
				BUNDLE_LOADER = "$(TEST_HOST)";
				CODE_SIGN_STYLE = Automatic;
				CURRENT_PROJECT_VERSION = 1;
				DEVELOPMENT_TEAM = T4JJ98Y5GD;
				GENERATE_INFOPLIST_FILE = YES;
				IPHONEOS_DEPLOYMENT_TARGET = 14.0;
				LD_RUNPATH_SEARCH_PATHS = (
					"$(inherited)",
					"@executable_path/Frameworks",
					"@loader_path/Frameworks",
				);
				MARKETING_VERSION = 1.0;
				PRODUCT_BUNDLE_IDENTIFIER = dd.ff.BreakingBadCharactersTests;
				PRODUCT_NAME = "$(TARGET_NAME)";
				SWIFT_EMIT_LOC_STRINGS = NO;
				SWIFT_VERSION = 5.0;
				TARGETED_DEVICE_FAMILY = "1,2";
				TEST_HOST = "$(BUILT_PRODUCTS_DIR)/BreakingBadCharacters.app/BreakingBadCharacters";
			};
			name = Debug;
		};
		1A80297C2705A9BD0078B794 /* Release */ = {
			isa = XCBuildConfiguration;
			buildSettings = {
				ALWAYS_EMBED_SWIFT_STANDARD_LIBRARIES = YES;
				BUNDLE_LOADER = "$(TEST_HOST)";
				CODE_SIGN_STYLE = Automatic;
				CURRENT_PROJECT_VERSION = 1;
				DEVELOPMENT_TEAM = T4JJ98Y5GD;
				GENERATE_INFOPLIST_FILE = YES;
				IPHONEOS_DEPLOYMENT_TARGET = 14.0;
				LD_RUNPATH_SEARCH_PATHS = (
					"$(inherited)",
					"@executable_path/Frameworks",
					"@loader_path/Frameworks",
				);
				MARKETING_VERSION = 1.0;
				PRODUCT_BUNDLE_IDENTIFIER = dd.ff.BreakingBadCharactersTests;
				PRODUCT_NAME = "$(TARGET_NAME)";
				SWIFT_EMIT_LOC_STRINGS = NO;
				SWIFT_VERSION = 5.0;
				TARGETED_DEVICE_FAMILY = "1,2";
				TEST_HOST = "$(BUILT_PRODUCTS_DIR)/BreakingBadCharacters.app/BreakingBadCharacters";
			};
			name = Release;
		};
		1A80297E2705A9BD0078B794 /* Debug */ = {
			isa = XCBuildConfiguration;
			buildSettings = {
				ALWAYS_EMBED_SWIFT_STANDARD_LIBRARIES = YES;
				CODE_SIGN_STYLE = Automatic;
				CURRENT_PROJECT_VERSION = 1;
				DEVELOPMENT_TEAM = T4JJ98Y5GD;
				GENERATE_INFOPLIST_FILE = YES;
				LD_RUNPATH_SEARCH_PATHS = (
					"$(inherited)",
					"@executable_path/Frameworks",
					"@loader_path/Frameworks",
				);
				MARKETING_VERSION = 1.0;
				PRODUCT_BUNDLE_IDENTIFIER = dd.ff.BreakingBadCharactersUITests;
				PRODUCT_NAME = "$(TARGET_NAME)";
				SWIFT_EMIT_LOC_STRINGS = NO;
				SWIFT_VERSION = 5.0;
				TARGETED_DEVICE_FAMILY = "1,2";
				TEST_TARGET_NAME = BreakingBadCharacters;
			};
			name = Debug;
		};
		1A80297F2705A9BD0078B794 /* Release */ = {
			isa = XCBuildConfiguration;
			buildSettings = {
				ALWAYS_EMBED_SWIFT_STANDARD_LIBRARIES = YES;
				CODE_SIGN_STYLE = Automatic;
				CURRENT_PROJECT_VERSION = 1;
				DEVELOPMENT_TEAM = T4JJ98Y5GD;
				GENERATE_INFOPLIST_FILE = YES;
				LD_RUNPATH_SEARCH_PATHS = (
					"$(inherited)",
					"@executable_path/Frameworks",
					"@loader_path/Frameworks",
				);
				MARKETING_VERSION = 1.0;
				PRODUCT_BUNDLE_IDENTIFIER = dd.ff.BreakingBadCharactersUITests;
				PRODUCT_NAME = "$(TARGET_NAME)";
				SWIFT_EMIT_LOC_STRINGS = NO;
				SWIFT_VERSION = 5.0;
				TARGETED_DEVICE_FAMILY = "1,2";
				TEST_TARGET_NAME = BreakingBadCharacters;
			};
			name = Release;
		};
/* End XCBuildConfiguration section */

/* Begin XCConfigurationList section */
		1A80294E2705A9BC0078B794 /* Build configuration list for PBXProject "BreakingBadCharacters" */ = {
			isa = XCConfigurationList;
			buildConfigurations = (
				1A8029752705A9BD0078B794 /* Debug */,
				1A8029762705A9BD0078B794 /* Release */,
			);
			defaultConfigurationIsVisible = 0;
			defaultConfigurationName = Release;
		};
		1A8029772705A9BD0078B794 /* Build configuration list for PBXNativeTarget "BreakingBadCharacters" */ = {
			isa = XCConfigurationList;
			buildConfigurations = (
				1A8029782705A9BD0078B794 /* Debug */,
				1A8029792705A9BD0078B794 /* Release */,
			);
			defaultConfigurationIsVisible = 0;
			defaultConfigurationName = Release;
		};
		1A80297A2705A9BD0078B794 /* Build configuration list for PBXNativeTarget "BreakingBadCharactersTests" */ = {
			isa = XCConfigurationList;
			buildConfigurations = (
				1A80297B2705A9BD0078B794 /* Debug */,
				1A80297C2705A9BD0078B794 /* Release */,
			);
			defaultConfigurationIsVisible = 0;
			defaultConfigurationName = Release;
		};
		1A80297D2705A9BD0078B794 /* Build configuration list for PBXNativeTarget "BreakingBadCharactersUITests" */ = {
			isa = XCConfigurationList;
			buildConfigurations = (
				1A80297E2705A9BD0078B794 /* Debug */,
				1A80297F2705A9BD0078B794 /* Release */,
			);
			defaultConfigurationIsVisible = 0;
			defaultConfigurationName = Release;
		};
/* End XCConfigurationList section */

/* Begin XCRemoteSwiftPackageReference section */
		1A8029802705AA130078B794 /* XCRemoteSwiftPackageReference "Alamofire" */ = {
			isa = XCRemoteSwiftPackageReference;
			repositoryURL = "https://github.com/Alamofire/Alamofire";
			requirement = {
				branch = master;
				kind = branch;
			};
		};
		1A8029832705AA440078B794 /* XCRemoteSwiftPackageReference "SwiftyJSON" */ = {
			isa = XCRemoteSwiftPackageReference;
			repositoryURL = "https://github.com/SwiftyJSON/SwiftyJSON.git";
			requirement = {
				branch = master;
				kind = branch;
			};
		};
		1A80299F2705F31C0078B794 /* XCRemoteSwiftPackageReference "SDWebImageSwiftUI" */ = {
			isa = XCRemoteSwiftPackageReference;
			repositoryURL = "https://github.com/SDWebImage/SDWebImageSwiftUI";
			requirement = {
				kind = exactVersion;
				version = 2.0.2;
			};
		};
/* End XCRemoteSwiftPackageReference section */

/* Begin XCSwiftPackageProductDependency section */
		1A8029812705AA130078B794 /* Alamofire */ = {
			isa = XCSwiftPackageProductDependency;
			package = 1A8029802705AA130078B794 /* XCRemoteSwiftPackageReference "Alamofire" */;
			productName = Alamofire;
		};
		1A8029842705AA440078B794 /* SwiftyJSON */ = {
			isa = XCSwiftPackageProductDependency;
			package = 1A8029832705AA440078B794 /* XCRemoteSwiftPackageReference "SwiftyJSON" */;
			productName = SwiftyJSON;
		};
		1A8029A02705F31C0078B794 /* SDWebImageSwiftUI */ = {
			isa = XCSwiftPackageProductDependency;
			package = 1A80299F2705F31C0078B794 /* XCRemoteSwiftPackageReference "SDWebImageSwiftUI" */;
			productName = SDWebImageSwiftUI;
		};
/* End XCSwiftPackageProductDependency section */
	};
	rootObject = 1A80294B2705A9BC0078B794 /* Project object */;
}
